{
  "lockfileVersion": 1,
  "configVersion": 1,
  "workspaces": {
    "": {
      "name": "production-portfolio",
      "devDependencies": {
        "@types/bun": "latest",
        "turbo": "^2.10.4",
      },
      "peerDependencies": {
        "typescript": "^5",
      },
    },
  },
  "packages": {
    "@turbo/darwin-64": ["@turbo/darwin-64@2.10.4", "", { "os": "darwin", "cpu": "x64" }, "sha512-m1MUEI4MJ69r5CwfMYxmHi0H0rrgiYCBOp0tgBZ9x/YVvOb5uu/lRIDyDwdtH054R2yWeQaIigUGu6aCX9f8cA=="],

    "@turbo/darwin-arm64": ["@turbo/darwin-arm64@2.10.4", "", { "os": "darwin", "cpu": "arm64" }, "sha512-VQ1Yxs5zkPT+2z7t1P4mvn6JmcKLkOCAsPuK9XbOvuVj0DlTlETfIXNisX0771v/vTWHOQqiwoGi+TtAUq8efw=="],

    "@turbo/linux-64": ["@turbo/linux-64@2.10.4", "", { "os": "linux", "cpu": "x64" }, "sha512-IzV1QovmwX7mfGnVinmE++2IB8tbeo38weltiuH5zNqwCTBjLs/DytyRKx+bmnhHdXIq9SheR8p0Nip/LBUPHg=="],

    "@turbo/linux-arm64": ["@turbo/linux-arm64@2.10.4", "", { "os": "linux", "cpu": "arm64" }, "sha512-rfujSQkP5aYiRn0PgTM7F00WkJCP/bKDVZbOx3WmrZwa/vHA0bplhCl328kpX7VI9HH2vI90ISGwuSVgJgoqTw=="],

    "@turbo/windows-64": ["@turbo/windows-64@2.10.4", "", { "os": "win32", "cpu": "x64" }, "sha512-NnspP7Wd5fa3Wwnqv9bKfhegqZzuHBgbPxdZU/idTLQcazx/vgKu95JlCx2YHY0hdvKCnPcARrDwM+KEUmaO7A=="],

    "@turbo/windows-arm64": ["@turbo/windows-arm64@2.10.4", "", { "os": "win32", "cpu": "arm64" }, "sha512-Iv02YgOpaEShc2OkG7mgCJ2pEw1RUKiKbs0h8W5wAf4jZ5vpmraTEjuGTgHRuOORQnC1GN3KHo5WB+hu1abRMA=="],

    "@types/bun": ["@types/bun@1.3.14", "", { "dependencies": { "bun-types": "1.3.14" } }, "sha512-h1hFqFVcvAvD9j9K7ZW7vd82aSA+rTdznZa+5bwvCwqSB1jmmfLcbIWhOLx1/+boy/xmjgCs/OMUL8hRJSmnPw=="],

    "@types/node": ["@types/node@26.1.0", "", { "dependencies": { "undici-types": "~8.3.0" } }, "sha512-O0A1G3xPGy4w7AgQdAQYUlQ+BKk2Oovw8eRpofyp5KdBZULnbe+WqaOVNrm705SHphCiG4XHsACrSmPu1f+Kgw=="],

    "bun-types": ["bun-types@1.3.14", "", { "dependencies": { "@types/node": "*" } }, "sha512-4N0ig0fEomHt5R0KCFWjovxow98rIoRwKolrYdCcknNwMekCXRnWEUvgu5soYV8QXtVsrUD8B95MBOZGPvr6KQ=="],

    "turbo": ["turbo@2.10.4", "", { "optionalDependencies": { "@turbo/darwin-64": "2.10.4", "@turbo/darwin-arm64": "2.10.4", "@turbo/linux-64": "2.10.4", "@turbo/linux-arm64": "2.10.4", "@turbo/windows-64": "2.10.4", "@turbo/windows-arm64": "2.10.4" }, "bin": { "turbo": "bin/turbo" } }, "sha512-GQpduILaKjoaGljw097ScsSyKTtZSY7cZ3bJktzfTkPMyCf3ShKLuXK2IaOEN2Plziml+ArR7WJ1m+V4VbnaKQ=="],

    "typescript": ["typescript@5.9.3", "", { "bin": { "tsc": "bin/tsc", "tsserver": "bin/tsserver" } }, "sha512-jl1vZzPDinLr9eUt3J/t7V6FgNEw9QjvBPdysz9KfQDD41fQrC2Y4vKQdiaUpFT4bXlb1RHhLpp8wtm6M5TgSw=="],

    "undici-types": ["undici-types@8.3.0", "", {}, "sha512-j375ScV60dom+YkPFIfTLcOiPxkN/buHz5GobjLhixFuANaNs3C9l4GmrWqejgXWJ7BbJcFYpTEUkS1Ge8bpZQ=="],
  }
}
